
Microsoft Visual Studio Solution File, Format Version 12.00
# Visual Studio Version 16
VisualStudioVersion = 16.0.29201.188
MinimumVisualStudioVersion = 10.0.40219.1
Project("{F184B08F-C81C-45F6-A57F-5ABD9991F28F}") = "HARK000", "HARK000\HARK000.vbproj", "{F981067F-D79E-4718-8FCA-53CD36B6DC4B}"
EndProject
Global
	GlobalSection(SolutionConfigurationPlatforms) = preSolution
		Debug|Any CPU = Debug|Any CPU
		Release|Any CPU = Release|Any CPU
	EndGlobalSection
	GlobalSection(ProjectConfigurationPlatforms) = postSolution
		{F981067F-D79E-4718-8FCA-53CD36B6DC4B}.Debug|Any CPU.ActiveCfg = Debug|Any CPU
		{F981067F-D79E-4718-8FCA-53CD36B6DC4B}.Debug|Any CPU.Build.0 = Debug|Any CPU
		{F981067F-D79E-4718-8FCA-53CD36B6DC4B}.Release|Any CPU.ActiveCfg = Release|Any CPU
		{F981067F-D79E-4718-8FCA-53CD36B6DC4B}.Release|Any CPU.Build.0 = Release|Any CPU
	EndGlobalSection
	GlobalSection(SolutionProperties) = preSolution
		HideSolutionNode = FALSE
	EndGlobalSection
	GlobalSection(ExtensibilityGlobals) = postSolution
		SolutionGuid = {616CD579-3AC8-4684-9C06-99A08339A6C2}
	EndGlobalSection
EndGlobal
